
Microsoft Visual Studio Solution File, Format Version 12.00
# Visual Studio Version 17
VisualStudioVersion = 17.10.34916.146
MinimumVisualStudioVersion = 10.0.40219.1
Project("{FAE04EC0-301F-11D3-BF4B-00C04F79EFBC}") = "Лр3_1", "Лр3_1.csproj", "{9CFA8530-3D7A-41ED-87D7-2AE84C1F1BDD}"
EndProject
Global
	GlobalSection(SolutionConfigurationPlatforms) = preSolution
		Debug|Any CPU = Debug|Any CPU
		Release|Any CPU = Release|Any CPU
	EndGlobalSection
	GlobalSection(ProjectConfigurationPlatforms) = postSolution
		{9CFA8530-3D7A-41ED-87D7-2AE84C1F1BDD}.Debug|Any CPU.ActiveCfg = Debug|Any CPU
		{9CFA8530-3D7A-41ED-87D7-2AE84C1F1BDD}.Debug|Any CPU.Build.0 = Debug|Any CPU
		{9CFA8530-3D7A-41ED-87D7-2AE84C1F1BDD}.Release|Any CPU.ActiveCfg = Release|Any CPU
		{9CFA8530-3D7A-41ED-87D7-2AE84C1F1BDD}.Release|Any CPU.Build.0 = Release|Any CPU
	EndGlobalSection
	GlobalSection(SolutionProperties) = preSolution
		HideSolutionNode = FALSE
	EndGlobalSection
	GlobalSection(ExtensibilityGlobals) = postSolution
		SolutionGuid = {7DD75CFC-9C79-41D4-A906-09B0A39382D7}
	EndGlobalSection
EndGlobal
